
Microsoft Visual Studio Solution File, Format Version 12.00
# Visual Studio Version 17
VisualStudioVersion = 17.3.32825.248
MinimumVisualStudioVersion = 10.0.40219.1
Project("{9A19103F-16F7-4668-BE54-9A1E7A4F7556}") = "BookLogApp", "BookLogApp\BookLogApp.csproj", "{C475AC9E-D1E0-4363-9EE1-E8441704D24F}"
EndProject
Project("{9A19103F-16F7-4668-BE54-9A1E7A4F7556}") = "BookLogApp.Tests", "BookLogApp.Tests\BookLogApp.Tests.csproj", "{DA7CE0B6-6AEB-4CE0-88F1-AED9634C0977}"
EndProject
Project("{FAE04EC0-301F-11D3-BF4B-00C04F79EFBC}") = "DomainModels", "DomainModels\DomainModels.csproj", "{B24F980C-90E3-4161-BF09-C731E14D5C28}"
EndProject
Project("{FAE04EC0-301F-11D3-BF4B-00C04F79EFBC}") = "BLL", "BLL\BLL.csproj", "{5503B300-5D15-4FEA-828C-3D3C159EF5F0}"
EndProject
Project("{FAE04EC0-301F-11D3-BF4B-00C04F79EFBC}") = "Interfaces", "Interfaces\Interfaces.csproj", "{40DF397E-D9A5-4349-9503-04C4DEE5CA6A}"
EndProject
Project("{FAE04EC0-301F-11D3-BF4B-00C04F79EFBC}") = "Factories", "Factories\Factories.csproj", "{554DE8A2-430B-4B3C-8689-1E17591EA142}"
EndProject
Project("{FAE04EC0-301F-11D3-BF4B-00C04F79EFBC}") = "DAL", "DAL\DAL.csproj", "{7848EF49-2F9B-49F1-B40A-D05EBAADFEEF}"
EndProject
Project("{FAE04EC0-301F-11D3-BF4B-00C04F79EFBC}") = "DTO", "DTO\DTO.csproj", "{B2B53CC1-85F2-4E5F-B272-592774665E6B}"
EndProject
Global
	GlobalSection(SolutionConfigurationPlatforms) = preSolution
		Debug|Any CPU = Debug|Any CPU
		Release|Any CPU = Release|Any CPU
	EndGlobalSection
	GlobalSection(ProjectConfigurationPlatforms) = postSolution
		{C475AC9E-D1E0-4363-9EE1-E8441704D24F}.Debug|Any CPU.ActiveCfg = Debug|Any CPU
		{C475AC9E-D1E0-4363-9EE1-E8441704D24F}.Debug|Any CPU.Build.0 = Debug|Any CPU
		{C475AC9E-D1E0-4363-9EE1-E8441704D24F}.Release|Any CPU.ActiveCfg = Release|Any CPU
		{C475AC9E-D1E0-4363-9EE1-E8441704D24F}.Release|Any CPU.Build.0 = Release|Any CPU
		{DA7CE0B6-6AEB-4CE0-88F1-AED9634C0977}.Debug|Any CPU.ActiveCfg = Debug|Any CPU
		{DA7CE0B6-6AEB-4CE0-88F1-AED9634C0977}.Debug|Any CPU.Build.0 = Debug|Any CPU
		{DA7CE0B6-6AEB-4CE0-88F1-AED9634C0977}.Release|Any CPU.ActiveCfg = Release|Any CPU
		{DA7CE0B6-6AEB-4CE0-88F1-AED9634C0977}.Release|Any CPU.Build.0 = Release|Any CPU
		{B24F980C-90E3-4161-BF09-C731E14D5C28}.Debug|Any CPU.ActiveCfg = Debug|Any CPU
		{B24F980C-90E3-4161-BF09-C731E14D5C28}.Debug|Any CPU.Build.0 = Debug|Any CPU
		{B24F980C-90E3-4161-BF09-C731E14D5C28}.Release|Any CPU.ActiveCfg = Release|Any CPU
		{B24F980C-90E3-4161-BF09-C731E14D5C28}.Release|Any CPU.Build.0 = Release|Any CPU
		{5503B300-5D15-4FEA-828C-3D3C159EF5F0}.Debug|Any CPU.ActiveCfg = Debug|Any CPU
		{5503B300-5D15-4FEA-828C-3D3C159EF5F0}.Debug|Any CPU.Build.0 = Debug|Any CPU
		{5503B300-5D15-4FEA-828C-3D3C159EF5F0}.Release|Any CPU.ActiveCfg = Release|Any CPU
		{5503B300-5D15-4FEA-828C-3D3C159EF5F0}.Release|Any CPU.Build.0 = Release|Any CPU
		{40DF397E-D9A5-4349-9503-04C4DEE5CA6A}.Debug|Any CPU.ActiveCfg = Debug|Any CPU
		{40DF397E-D9A5-4349-9503-04C4DEE5CA6A}.Debug|Any CPU.Build.0 = Debug|Any CPU
		{40DF397E-D9A5-4349-9503-04C4DEE5CA6A}.Release|Any CPU.ActiveCfg = Release|Any CPU
		{40DF397E-D9A5-4349-9503-04C4DEE5CA6A}.Release|Any CPU.Build.0 = Release|Any CPU
		{554DE8A2-430B-4B3C-8689-1E17591EA142}.Debug|Any CPU.ActiveCfg = Debug|Any CPU
		{554DE8A2-430B-4B3C-8689-1E17591EA142}.Debug|Any CPU.Build.0 = Debug|Any CPU
		{554DE8A2-430B-4B3C-8689-1E17591EA142}.Release|Any CPU.ActiveCfg = Release|Any CPU
		{554DE8A2-430B-4B3C-8689-1E17591EA142}.Release|Any CPU.Build.0 = Release|Any CPU
		{7848EF49-2F9B-49F1-B40A-D05EBAADFEEF}.Debug|Any CPU.ActiveCfg = Debug|Any CPU
		{7848EF49-2F9B-49F1-B40A-D05EBAADFEEF}.Debug|Any CPU.Build.0 = Debug|Any CPU
		{7848EF49-2F9B-49F1-B40A-D05EBAADFEEF}.Release|Any CPU.ActiveCfg = Release|Any CPU
		{7848EF49-2F9B-49F1-B40A-D05EBAADFEEF}.Release|Any CPU.Build.0 = Release|Any CPU
		{B2B53CC1-85F2-4E5F-B272-592774665E6B}.Debug|Any CPU.ActiveCfg = Debug|Any CPU
		{B2B53CC1-85F2-4E5F-B272-592774665E6B}.Debug|Any CPU.Build.0 = Debug|Any CPU
		{B2B53CC1-85F2-4E5F-B272-592774665E6B}.Release|Any CPU.ActiveCfg = Release|Any CPU
		{B2B53CC1-85F2-4E5F-B272-592774665E6B}.Release|Any CPU.Build.0 = Release|Any CPU
	EndGlobalSection
	GlobalSection(SolutionProperties) = preSolution
		HideSolutionNode = FALSE
	EndGlobalSection
	GlobalSection(ExtensibilityGlobals) = postSolution
		SolutionGuid = {A83501C1-FF60-4F25-8EBA-F6FF35B0CFCE}
	EndGlobalSection
EndGlobal
